// !$*UTF8*$!
{
	archiveVersion = 1;
	classes = {
	};
	objectVersion = 50;
	objects = {

/* Begin PBXBuildFile section */
		1CB01A9A248F6025008A961D /* AppDelegate.swift in Sources */ = {isa = PBXBuildFile; fileRef = 1CB01A99248F6025008A961D /* AppDelegate.swift */; };
		1CB01A9C248F6025008A961D /* SceneDelegate.swift in Sources */ = {isa = PBXBuildFile; fileRef = 1CB01A9B248F6025008A961D /* SceneDelegate.swift */; };
		1CB01A9F248F6025008A961D /* MenuTest.xcdatamodeld in Sources */ = {isa = PBXBuildFile; fileRef = 1CB01A9D248F6025008A961D /* MenuTest.xcdatamodeld */; };
		1CB01AA1248F6025008A961D /* ContentView.swift in Sources */ = {isa = PBXBuildFile; fileRef = 1CB01AA0248F6025008A961D /* ContentView.swift */; };
		1CB01AA3248F6027008A961D /* Assets.xcassets in Resources */ = {isa = PBXBuildFile; fileRef = 1CB01AA2248F6027008A961D /* Assets.xcassets */; };
		1CB01AA6248F6027008A961D /* Preview Assets.xcassets in Resources */ = {isa = PBXBuildFile; fileRef = 1CB01AA5248F6027008A961D /* Preview Assets.xcassets */; };
		1CB01AA9248F6027008A961D /* LaunchScreen.storyboard in Resources */ = {isa = PBXBuildFile; fileRef = 1CB01AA7248F6027008A961D /* LaunchScreen.storyboard */; };
		1CB01AB4248F6028008A961D /* MenuTestTests.swift in Sources */ = {isa = PBXBuildFile; fileRef = 1CB01AB3248F6028008A961D /* MenuTestTests.swift */; };
		1CB01ABF248F6028008A961D /* MenuTestUITests.swift in Sources */ = {isa = PBXBuildFile; fileRef = 1CB01ABE248F6028008A961D /* MenuTestUITests.swift */; };
/* End PBXBuildFile section */

/* Begin PBXContainerItemProxy section */
		1CB01AB0248F6028008A961D /* PBXContainerItemProxy */ = {
			isa = PBXContainerItemProxy;
			containerPortal = 1CB01A8E248F6025008A961D /* Project object */;
			proxyType = 1;
			remoteGlobalIDString = 1CB01A95248F6025008A961D;
			remoteInfo = MenuTest;
		};
		1CB01ABB248F6028008A961D /* PBXContainerItemProxy */ = {
			isa = PBXContainerItemProxy;
			containerPortal = 1CB01A8E248F6025008A961D /* Project object */;
			proxyType = 1;
			remoteGlobalIDString = 1CB01A95248F6025008A961D;
			remoteInfo = MenuTest;
		};
/* End PBXContainerItemProxy section */

/* Begin PBXFileReference section */
		1CB01A96248F6025008A961D /* MenuTest.app */ = {isa = PBXFileReference; explicitFileType = wrapper.application; includeInIndex = 0; path = MenuTest.app; sourceTree = BUILT_PRODUCTS_DIR; };
		1CB01A99248F6025008A961D /* AppDelegate.swift */ = {isa = PBXFileReference; lastKnownFileType = sourcecode.swift; path = AppDelegate.swift; sourceTree = "<group>"; };
		1CB01A9B248F6025008A961D /* SceneDelegate.swift */ = {isa = PBXFileReference; lastKnownFileType = sourcecode.swift; path = SceneDelegate.swift; sourceTree = "<group>"; };
		1CB01A9E248F6025008A961D /* MenuTest.xcdatamodel */ = {isa = PBXFileReference; lastKnownFileType = wrapper.xcdatamodel; path = MenuTest.xcdatamodel; sourceTree = "<group>"; };
		1CB01AA0248F6025008A961D /* ContentView.swift */ = {isa = PBXFileReference; lastKnownFileType = sourcecode.swift; path = ContentView.swift; sourceTree = "<group>"; };
		1CB01AA2248F6027008A961D /* Assets.xcassets */ = {isa = PBXFileReference; lastKnownFileType = folder.assetcatalog; path = Assets.xcassets; sourceTree = "<group>"; };
		1CB01AA5248F6027008A961D /* Preview Assets.xcassets */ = {isa = PBXFileReference; lastKnownFileType = folder.assetcatalog; path = "Preview Assets.xcassets"; sourceTree = "<group>"; };
		1CB01AA8248F6027008A961D /* Base */ = {isa = PBXFileReference; lastKnownFileType = file.storyboard; name = Base; path = Base.lproj/LaunchScreen.storyboard; sourceTree = "<group>"; };
		1CB01AAA248F6027008A961D /* Info.plist */ = {isa = PBXFileReference; lastKnownFileType = text.plist.xml; path = Info.plist; sourceTree = "<group>"; };
		1CB01AAF248F6028008A961D /* MenuTestTests.xctest */ = {isa = PBXFileReference; explicitFileType = wrapper.cfbundle; includeInIndex = 0; path = MenuTestTests.xctest; sourceTree = BUILT_PRODUCTS_DIR; };
		1CB01AB3248F6028008A961D /* MenuTestTests.swift */ = {isa = PBXFileReference; lastKnownFileType = sourcecode.swift; path = MenuTestTests.swift; sourceTree = "<group>"; };
		1CB01AB5248F6028008A961D /* Info.plist */ = {isa = PBXFileReference; lastKnownFileType = text.plist.xml; path = Info.plist; sourceTree = "<group>"; };
		1CB01ABA248F6028008A961D /* MenuTestUITests.xctest */ = {isa = PBXFileReference; explicitFileType = wrapper.cfbundle; includeInIndex = 0; path = MenuTestUITests.xctest; sourceTree = BUILT_PRODUCTS_DIR; };
		1CB01ABE248F6028008A961D /* MenuTestUITests.swift */ = {isa = PBXFileReference; lastKnownFileType = sourcecode.swift; path = MenuTestUITests.swift; sourceTree = "<group>"; };
		1CB01AC0248F6028008A961D /* Info.plist */ = {isa = PBXFileReference; lastKnownFileType = text.plist.xml; path = Info.plist; sourceTree = "<group>"; };
/* End PBXFileReference section */

/* Begin PBXFrameworksBuildPhase section */
		1CB01A93248F6025008A961D /* Frameworks */ = {
			isa = PBXFrameworksBuildPhase;
			buildActionMask = 2147483647;
			files = (
			);
			runOnlyForDeploymentPostprocessing = 0;
		};
		1CB01AAC248F6028008A961D /* Frameworks */ = {
			isa = PBXFrameworksBuildPhase;
			buildActionMask = 2147483647;
			files = (
			);
			runOnlyForDeploymentPostprocessing = 0;
		};
		1CB01AB7248F6028008A961D /* Frameworks */ = {
			isa = PBXFrameworksBuildPhase;
			buildActionMask = 2147483647;
			files = (
			);
			runOnlyForDeploymentPostprocessing = 0;
		};
/* End PBXFrameworksBuildPhase section */

/* Begin PBXGroup section */
		1CB01A8D248F6025008A961D = {
			isa = PBXGroup;
			children = (
				1CB01A98248F6025008A961D /* MenuTest */,
				1CB01AB2248F6028008A961D /* MenuTestTests */,
				1CB01ABD248F6028008A961D /* MenuTestUITests */,
				1CB01A97248F6025008A961D /* Products */,
			);
			sourceTree = "<group>";
		};
		1CB01A97248F6025008A961D /* Products */ = {
			isa = PBXGroup;
			children = (
				1CB01A96248F6025008A961D /* MenuTest.app */,
				1CB01AAF248F6028008A961D /* MenuTestTests.xctest */,
				1CB01ABA248F6028008A961D /* MenuTestUITests.xctest */,
			);
			name = Products;
			sourceTree = "<group>";
		};
		1CB01A98248F6025008A961D /* MenuTest */ = {
			isa = PBXGroup;
			children = (
				1CB01A99248F6025008A961D /* AppDelegate.swift */,
				1CB01A9B248F6025008A961D /* SceneDelegate.swift */,
				1CB01AA0248F6025008A961D /* ContentView.swift */,
				1CB01AA2248F6027008A961D /* Assets.xcassets */,
				1CB01AA7248F6027008A961D /* LaunchScreen.storyboard */,
				1CB01AAA248F6027008A961D /* Info.plist */,
				1CB01A9D248F6025008A961D /* MenuTest.xcdatamodeld */,
				1CB01AA4248F6027008A961D /* Preview Content */,
			);
			path = MenuTest;
			sourceTree = "<group>";
		};
		1CB01AA4248F6027008A961D /* Preview Content */ = {
			isa = PBXGroup;
			children = (
				1CB01AA5248F6027008A961D /* Preview Assets.xcassets */,
			);
			path = "Preview Content";
			sourceTree = "<group>";
		};
		1CB01AB2248F6028008A961D /* MenuTestTests */ = {
			isa = PBXGroup;
			children = (
				1CB01AB3248F6028008A961D /* MenuTestTests.swift */,
				1CB01AB5248F6028008A961D /* Info.plist */,
			);
			path = MenuTestTests;
			sourceTree = "<group>";
		};
		1CB01ABD248F6028008A961D /* MenuTestUITests */ = {
			isa = PBXGroup;
			children = (
				1CB01ABE248F6028008A961D /* MenuTestUITests.swift */,
				1CB01AC0248F6028008A961D /* Info.plist */,
			);
			path = MenuTestUITests;
			sourceTree = "<group>";
		};
/* End PBXGroup section */

/* Begin PBXNativeTarget section */
		1CB01A95248F6025008A961D /* MenuTest */ = {
			isa = PBXNativeTarget;
			buildConfigurationList = 1CB01AC3248F6028008A961D /* Build configuration list for PBXNativeTarget "MenuTest" */;
			buildPhases = (
				1CB01A92248F6025008A961D /* Sources */,
				1CB01A93248F6025008A961D /* Frameworks */,
				1CB01A94248F6025008A961D /* Resources */,
			);
			buildRules = (
			);
			dependencies = (
			);
			name = MenuTest;
			productName = MenuTest;
			productReference = 1CB01A96248F6025008A961D /* MenuTest.app */;
			productType = "com.apple.product-type.application";
		};
		1CB01AAE248F6028008A961D /* MenuTestTests */ = {
			isa = PBXNativeTarget;
			buildConfigurationList = 1CB01AC6248F6028008A961D /* Build configuration list for PBXNativeTarget "MenuTestTests" */;
			buildPhases = (
				1CB01AAB248F6028008A961D /* Sources */,
				1CB01AAC248F6028008A961D /* Frameworks */,
				1CB01AAD248F6028008A961D /* Resources */,
			);
			buildRules = (
			);
			dependencies = (
				1CB01AB1248F6028008A961D /* PBXTargetDependency */,
			);
			name = MenuTestTests;
			productName = MenuTestTests;
			productReference = 1CB01AAF248F6028008A961D /* MenuTestTests.xctest */;
			productType = "com.apple.product-type.bundle.unit-test";
		};
		1CB01AB9248F6028008A961D /* MenuTestUITests */ = {
			isa = PBXNativeTarget;
			buildConfigurationList = 1CB01AC9248F6028008A961D /* Build configuration list for PBXNativeTarget "MenuTestUITests" */;
			buildPhases = (
				1CB01AB6248F6028008A961D /* Sources */,
				1CB01AB7248F6028008A961D /* Frameworks */,
				1CB01AB8248F6028008A961D /* Resources */,
			);
			buildRules = (
			);
			dependencies = (
				1CB01ABC248F6028008A961D /* PBXTargetDependency */,
			);
			name = MenuTestUITests;
			productName = MenuTestUITests;
			productReference = 1CB01ABA248F6028008A961D /* MenuTestUITests.xctest */;
			productType = "com.apple.product-type.bundle.ui-testing";
		};
/* End PBXNativeTarget section */

/* Begin PBXProject section */
		1CB01A8E248F6025008A961D /* Project object */ = {
			isa = PBXProject;
			attributes = {
				LastSwiftUpdateCheck = 1130;
				LastUpgradeCheck = 1130;
				ORGANIZATIONNAME = 83Incs;
				TargetAttributes = {
					1CB01A95248F6025008A961D = {
						CreatedOnToolsVersion = 11.3;
					};
					1CB01AAE248F6028008A961D = {
						CreatedOnToolsVersion = 11.3;
						TestTargetID = 1CB01A95248F6025008A961D;
					};
					1CB01AB9248F6028008A961D = {
						CreatedOnToolsVersion = 11.3;
						TestTargetID = 1CB01A95248F6025008A961D;
					};
				};
			};
			buildConfigurationList = 1CB01A91248F6025008A961D /* Build configuration list for PBXProject "MenuTest" */;
			compatibilityVersion = "Xcode 9.3";
			developmentRegion = en;
			hasScannedForEncodings = 0;
			knownRegions = (
				en,
				Base,
			);
			mainGroup = 1CB01A8D248F6025008A961D;
			productRefGroup = 1CB01A97248F6025008A961D /* Products */;
			projectDirPath = "";
			projectRoot = "";
			targets = (
				1CB01A95248F6025008A961D /* MenuTest */,
				1CB01AAE248F6028008A961D /* MenuTestTests */,
				1CB01AB9248F6028008A961D /* MenuTestUITests */,
			);
		};
/* End PBXProject section */

/* Begin PBXResourcesBuildPhase section */
		1CB01A94248F6025008A961D /* Resources */ = {
			isa = PBXResourcesBuildPhase;
			buildActionMask = 2147483647;
			files = (
				1CB01AA9248F6027008A961D /* LaunchScreen.storyboard in Resources */,
				1CB01AA6248F6027008A961D /* Preview Assets.xcassets in Resources */,
				1CB01AA3248F6027008A961D /* Assets.xcassets in Resources */,
			);
			runOnlyForDeploymentPostprocessing = 0;
		};
		1CB01AAD248F6028008A961D /* Resources */ = {
			isa = PBXResourcesBuildPhase;
			buildActionMask = 2147483647;
			files = (
			);
			runOnlyForDeploymentPostprocessing = 0;
		};
		1CB01AB8248F6028008A961D /* Resources */ = {
			isa = PBXResourcesBuildPhase;
			buildActionMask = 2147483647;
			files = (
			);
			runOnlyForDeploymentPostprocessing = 0;
		};
/* End PBXResourcesBuildPhase section */

/* Begin PBXSourcesBuildPhase section */
		1CB01A92248F6025008A961D /* Sources */ = {
			isa = PBXSourcesBuildPhase;
			buildActionMask = 2147483647;
			files = (
				1CB01A9F248F6025008A961D /* MenuTest.xcdatamodeld in Sources */,
				1CB01A9A248F6025008A961D /* AppDelegate.swift in Sources */,
				1CB01AA1248F6025008A961D /* ContentView.swift in Sources */,
				1CB01A9C248F6025008A961D /* SceneDelegate.swift in Sources */,
			);
			runOnlyForDeploymentPostprocessing = 0;
		};
		1CB01AAB248F6028008A961D /* Sources */ = {
			isa = PBXSourcesBuildPhase;
			buildActionMask = 2147483647;
			files = (
				1CB01AB4248F6028008A961D /* MenuTestTests.swift in Sources */,
			);
			runOnlyForDeploymentPostprocessing = 0;
		};
		1CB01AB6248F6028008A961D /* Sources */ = {
			isa = PBXSourcesBuildPhase;
			buildActionMask = 2147483647;
			files = (
				1CB01ABF248F6028008A961D /* MenuTestUITests.swift in Sources */,
			);
			runOnlyForDeploymentPostprocessing = 0;
		};
/* End PBXSourcesBuildPhase section */

/* Begin PBXTargetDependency section */
		1CB01AB1248F6028008A961D /* PBXTargetDependency */ = {
			isa = PBXTargetDependency;
			target = 1CB01A95248F6025008A961D /* MenuTest */;
			targetProxy = 1CB01AB0248F6028008A961D /* PBXContainerItemProxy */;
		};
		1CB01ABC248F6028008A961D /* PBXTargetDependency */ = {
			isa = PBXTargetDependency;
			target = 1CB01A95248F6025008A961D /* MenuTest */;
			targetProxy = 1CB01ABB248F6028008A961D /* PBXContainerItemProxy */;
		};
/* End PBXTargetDependency section */

/* Begin PBXVariantGroup section */
		1CB01AA7248F6027008A961D /* LaunchScreen.storyboard */ = {
			isa = PBXVariantGroup;
			children = (
				1CB01AA8248F6027008A961D /* Base */,
			);
			name = LaunchScreen.storyboard;
			sourceTree = "<group>";
		};
/* End PBXVariantGroup section */

/* Begin XCBuildConfiguration section */
		1CB01AC1248F6028008A961D /* Debug */ = {
			isa = XCBuildConfiguration;
			buildSettings = {
				ALWAYS_SEARCH_USER_PATHS = NO;
				CLANG_ANALYZER_NONNULL = YES;
				CLANG_ANALYZER_NUMBER_OBJECT_CONVERSION = YES_AGGRESSIVE;
				CLANG_CXX_LANGUAGE_STANDARD = "gnu++14";
				CLANG_CXX_LIBRARY = "libc++";
				CLANG_ENABLE_MODULES = YES;
				CLANG_ENABLE_OBJC_ARC = YES;
				CLANG_ENABLE_OBJC_WEAK = YES;
				CLANG_WARN_BLOCK_CAPTURE_AUTORELEASING = YES;
				CLANG_WARN_BOOL_CONVERSION = YES;
				CLANG_WARN_COMMA = YES;
				CLANG_WARN_CONSTANT_CONVERSION = YES;
				CLANG_WARN_DEPRECATED_OBJC_IMPLEMENTATIONS = YES;
				CLANG_WARN_DIRECT_OBJC_ISA_USAGE = YES_ERROR;
				CLANG_WARN_DOCUMENTATION_COMMENTS = YES;
				CLANG_WARN_EMPTY_BODY = YES;
				CLANG_WARN_ENUM_CONVERSION = YES;
				CLANG_WARN_INFINITE_RECURSION = YES;
				CLANG_WARN_INT_CONVERSION = YES;
				CLANG_WARN_NON_LITERAL_NULL_CONVERSION = YES;
				CLANG_WARN_OBJC_IMPLICIT_RETAIN_SELF = YES;
				CLANG_WARN_OBJC_LITERAL_CONVERSION = YES;
				CLANG_WARN_OBJC_ROOT_CLASS = YES_ERROR;
				CLANG_WARN_RANGE_LOOP_ANALYSIS = YES;
				CLANG_WARN_STRICT_PROTOTYPES = YES;
				CLANG_WARN_SUSPICIOUS_MOVE = YES;
				CLANG_WARN_UNGUARDED_AVAILABILITY = YES_AGGRESSIVE;
				CLANG_WARN_UNREACHABLE_CODE = YES;
				CLANG_WARN__DUPLICATE_METHOD_MATCH = YES;
				COPY_PHASE_STRIP = NO;
				DEBUG_INFORMATION_FORMAT = dwarf;
				ENABLE_STRICT_OBJC_MSGSEND = YES;
				ENABLE_TESTABILITY = YES;
				GCC_C_LANGUAGE_STANDARD = gnu11;
				GCC_DYNAMIC_NO_PIC = NO;
				GCC_NO_COMMON_BLOCKS = YES;
				GCC_OPTIMIZATION_LEVEL = 0;
				GCC_PREPROCESSOR_DEFINITIONS = (
					"DEBUG=1",
					"$(inherited)",
				);
				GCC_WARN_64_TO_32_BIT_CONVERSION = YES;
				GCC_WARN_ABOUT_RETURN_TYPE = YES_ERROR;
				GCC_WARN_UNDECLARED_SELECTOR = YES;
				GCC_WARN_UNINITIALIZED_AUTOS = YES_AGGRESSIVE;
				GCC_WARN_UNUSED_FUNCTION = YES;
				GCC_WARN_UNUSED_VARIABLE = YES;
				IPHONEOS_DEPLOYMENT_TARGET = 13.2;
				MTL_ENABLE_DEBUG_INFO = INCLUDE_SOURCE;
				MTL_FAST_MATH = YES;
				ONLY_ACTIVE_ARCH = YES;
				SDKROOT = iphoneos;
				SWIFT_ACTIVE_COMPILATION_CONDITIONS = DEBUG;
				SWIFT_OPTIMIZATION_LEVEL = "-Onone";
			};
			name = Debug;
		};
		1CB01AC2248F6028008A961D /* Release */ = {
			isa = XCBuildConfiguration;
			buildSettings = {
				ALWAYS_SEARCH_USER_PATHS = NO;
				CLANG_ANALYZER_NONNULL = YES;
				CLANG_ANALYZER_NUMBER_OBJECT_CONVERSION = YES_AGGRESSIVE;
				CLANG_CXX_LANGUAGE_STANDARD = "gnu++14";
				CLANG_CXX_LIBRARY = "libc++";
				CLANG_ENABLE_MODULES = YES;
				CLANG_ENABLE_OBJC_ARC = YES;
				CLANG_ENABLE_OBJC_WEAK = YES;
				CLANG_WARN_BLOCK_CAPTURE_AUTORELEASING = YES;
				CLANG_WARN_BOOL_CONVERSION = YES;
				CLANG_WARN_COMMA = YES;
				CLANG_WARN_CONSTANT_CONVERSION = YES;
				CLANG_WARN_DEPRECATED_OBJC_IMPLEMENTATIONS = YES;
				CLANG_WARN_DIRECT_OBJC_ISA_USAGE = YES_ERROR;
				CLANG_WARN_DOCUMENTATION_COMMENTS = YES;
				CLANG_WARN_EMPTY_BODY = YES;
				CLANG_WARN_ENUM_CONVERSION = YES;
				CLANG_WARN_INFINITE_RECURSION = YES;
				CLANG_WARN_INT_CONVERSION = YES;
				CLANG_WARN_NON_LITERAL_NULL_CONVERSION = YES;
				CLANG_WARN_OBJC_IMPLICIT_RETAIN_SELF = YES;
				CLANG_WARN_OBJC_LITERAL_CONVERSION = YES;
				CLANG_WARN_OBJC_ROOT_CLASS = YES_ERROR;
				CLANG_WARN_RANGE_LOOP_ANALYSIS = YES;
				CLANG_WARN_STRICT_PROTOTYPES = YES;
				CLANG_WARN_SUSPICIOUS_MOVE = YES;
				CLANG_WARN_UNGUARDED_AVAILABILITY = YES_AGGRESSIVE;
				CLANG_WARN_UNREACHABLE_CODE = YES;
				CLANG_WARN__DUPLICATE_METHOD_MATCH = YES;
				COPY_PHASE_STRIP = NO;
				DEBUG_INFORMATION_FORMAT = "dwarf-with-dsym";
				ENABLE_NS_ASSERTIONS = NO;
				ENABLE_STRICT_OBJC_MSGSEND = YES;
				GCC_C_LANGUAGE_STANDARD = gnu11;
				GCC_NO_COMMON_BLOCKS = YES;
				GCC_WARN_64_TO_32_BIT_CONVERSION = YES;
				GCC_WARN_ABOUT_RETURN_TYPE = YES_ERROR;
				GCC_WARN_UNDECLARED_SELECTOR = YES;
				GCC_WARN_UNINITIALIZED_AUTOS = YES_AGGRESSIVE;
				GCC_WARN_UNUSED_FUNCTION = YES;
				GCC_WARN_UNUSED_VARIABLE = YES;
				IPHONEOS_DEPLOYMENT_TARGET = 13.2;
				MTL_ENABLE_DEBUG_INFO = NO;
				MTL_FAST_MATH = YES;
				SDKROOT = iphoneos;
				SWIFT_COMPILATION_MODE = wholemodule;
				SWIFT_OPTIMIZATION_LEVEL = "-O";
				VALIDATE_PRODUCT = YES;
			};
			name = Release;
		};
		1CB01AC4248F6028008A961D /* Debug */ = {
			isa = XCBuildConfiguration;
			buildSettings = {
				ASSETCATALOG_COMPILER_APPICON_NAME = AppIcon;
				CODE_SIGN_STYLE = Automatic;
				DEVELOPMENT_ASSET_PATHS = "\"MenuTest/Preview Content\"";
				ENABLE_PREVIEWS = YES;
				INFOPLIST_FILE = MenuTest/Info.plist;
				LD_RUNPATH_SEARCH_PATHS = (
					"$(inherited)",
					"@executable_path/Frameworks",
				);
				PRODUCT_BUNDLE_IDENTIFIER = iot83.MenuTest;
				PRODUCT_NAME = "$(TARGET_NAME)";
				SWIFT_VERSION = 5.0;
				TARGETED_DEVICE_FAMILY = "1,2";
			};
			name = Debug;
		};
		1CB01AC5248F6028008A961D /* Release */ = {
			isa = XCBuildConfiguration;
			buildSettings = {
				ASSETCATALOG_COMPILER_APPICON_NAME = AppIcon;
				CODE_SIGN_STYLE = Automatic;
				DEVELOPMENT_ASSET_PATHS = "\"MenuTest/Preview Content\"";
				ENABLE_PREVIEWS = YES;
				INFOPLIST_FILE = MenuTest/Info.plist;
				LD_RUNPATH_SEARCH_PATHS = (
					"$(inherited)",
					"@executable_path/Frameworks",
				);
				PRODUCT_BUNDLE_IDENTIFIER = iot83.MenuTest;
				PRODUCT_NAME = "$(TARGET_NAME)";
				SWIFT_VERSION = 5.0;
				TARGETED_DEVICE_FAMILY = "1,2";
			};
			name = Release;
		};
		1CB01AC7248F6028008A961D /* Debug */ = {
			isa = XCBuildConfiguration;
			buildSettings = {
				ALWAYS_EMBED_SWIFT_STANDARD_LIBRARIES = YES;
				BUNDLE_LOADER = "$(TEST_HOST)";
				CODE_SIGN_STYLE = Automatic;
				INFOPLIST_FILE = MenuTestTests/Info.plist;
				IPHONEOS_DEPLOYMENT_TARGET = 13.2;
				LD_RUNPATH_SEARCH_PATHS = (
					"$(inherited)",
					"@executable_path/Frameworks",
					"@loader_path/Frameworks",
				);
				PRODUCT_BUNDLE_IDENTIFIER = iot83.MenuTestTests;
				PRODUCT_NAME = "$(TARGET_NAME)";
				SWIFT_VERSION = 5.0;
				TARGETED_DEVICE_FAMILY = "1,2";
				TEST_HOST = "$(BUILT_PRODUCTS_DIR)/MenuTest.app/MenuTest";
			};
			name = Debug;
		};
		1CB01AC8248F6028008A961D /* Release */ = {
			isa = XCBuildConfiguration;
			buildSettings = {
				ALWAYS_EMBED_SWIFT_STANDARD_LIBRARIES = YES;
				BUNDLE_LOADER = "$(TEST_HOST)";
				CODE_SIGN_STYLE = Automatic;
				INFOPLIST_FILE = MenuTestTests/Info.plist;
				IPHONEOS_DEPLOYMENT_TARGET = 13.2;
				LD_RUNPATH_SEARCH_PATHS = (
					"$(inherited)",
					"@executable_path/Frameworks",
					"@loader_path/Frameworks",
				);
				PRODUCT_BUNDLE_IDENTIFIER = iot83.MenuTestTests;
				PRODUCT_NAME = "$(TARGET_NAME)";
				SWIFT_VERSION = 5.0;
				TARGETED_DEVICE_FAMILY = "1,2";
				TEST_HOST = "$(BUILT_PRODUCTS_DIR)/MenuTest.app/MenuTest";
			};
			name = Release;
		};
		1CB01ACA248F6028008A961D /* Debug */ = {
			isa = XCBuildConfiguration;
			buildSettings = {
				ALWAYS_EMBED_SWIFT_STANDARD_LIBRARIES = YES;
				CODE_SIGN_STYLE = Automatic;
				INFOPLIST_FILE = MenuTestUITests/Info.plist;
				LD_RUNPATH_SEARCH_PATHS = (
					"$(inherited)",
					"@executable_path/Frameworks",
					"@loader_path/Frameworks",
				);
				PRODUCT_BUNDLE_IDENTIFIER = iot83.MenuTestUITests;
				PRODUCT_NAME = "$(TARGET_NAME)";
				SWIFT_VERSION = 5.0;
				TARGETED_DEVICE_FAMILY = "1,2";
				TEST_TARGET_NAME = MenuTest;
			};
			name = Debug;
		};
		1CB01ACB248F6028008A961D /* Release */ = {
			isa = XCBuildConfiguration;
			buildSettings = {
				ALWAYS_EMBED_SWIFT_STANDARD_LIBRARIES = YES;
				CODE_SIGN_STYLE = Automatic;
				INFOPLIST_FILE = MenuTestUITests/Info.plist;
				LD_RUNPATH_SEARCH_PATHS = (
					"$(inherited)",
					"@executable_path/Frameworks",
					"@loader_path/Frameworks",
				);
				PRODUCT_BUNDLE_IDENTIFIER = iot83.MenuTestUITests;
				PRODUCT_NAME = "$(TARGET_NAME)";
				SWIFT_VERSION = 5.0;
				TARGETED_DEVICE_FAMILY = "1,2";
				TEST_TARGET_NAME = MenuTest;
			};
			name = Release;
		};
/* End XCBuildConfiguration section */

/* Begin XCConfigurationList section */
		1CB01A91248F6025008A961D /* Build configuration list for PBXProject "MenuTest" */ = {
			isa = XCConfigurationList;
			buildConfigurations = (
				1CB01AC1248F6028008A961D /* Debug */,
				1CB01AC2248F6028008A961D /* Release */,
			);
			defaultConfigurationIsVisible = 0;
			defaultConfigurationName = Release;
		};
		1CB01AC3248F6028008A961D /* Build configuration list for PBXNativeTarget "MenuTest" */ = {
			isa = XCConfigurationList;
			buildConfigurations = (
				1CB01AC4248F6028008A961D /* Debug */,
				1CB01AC5248F6028008A961D /* Release */,
			);
			defaultConfigurationIsVisible = 0;
			defaultConfigurationName = Release;
		};
		1CB01AC6248F6028008A961D /* Build configuration list for PBXNativeTarget "MenuTestTests" */ = {
			isa = XCConfigurationList;
			buildConfigurations = (
				1CB01AC7248F6028008A961D /* Debug */,
				1CB01AC8248F6028008A961D /* Release */,
			);
			defaultConfigurationIsVisible = 0;
			defaultConfigurationName = Release;
		};
		1CB01AC9248F6028008A961D /* Build configuration list for PBXNativeTarget "MenuTestUITests" */ = {
			isa = XCConfigurationList;
			buildConfigurations = (
				1CB01ACA248F6028008A961D /* Debug */,
				1CB01ACB248F6028008A961D /* Release */,
			);
			defaultConfigurationIsVisible = 0;
			defaultConfigurationName = Release;
		};
/* End XCConfigurationList section */

/* Begin XCVersionGroup section */
		1CB01A9D248F6025008A961D /* MenuTest.xcdatamodeld */ = {
			isa = XCVersionGroup;
			children = (
				1CB01A9E248F6025008A961D /* MenuTest.xcdatamodel */,
			);
			currentVersion = 1CB01A9E248F6025008A961D /* MenuTest.xcdatamodel */;
			path = MenuTest.xcdatamodeld;
			sourceTree = "<group>";
			versionGroupType = wrapper.xcdatamodel;
		};
/* End XCVersionGroup section */
	};
	rootObject = 1CB01A8E248F6025008A961D /* Project object */;
}
